// !$*UTF8*$!
{
	archiveVersion = 1;
	classes = {
	};
	objectVersion = 50;
	objects = {

/* Begin PBXBuildFile section */
		2F75D25520D0658400869C2C /* AppDelegate.swift in Sources */ = {isa = PBXBuildFile; fileRef = 2F75D25420D0658400869C2C /* AppDelegate.swift */; };
		2F75D25720D0658400869C2C /* ViewController.swift in Sources */ = {isa = PBXBuildFile; fileRef = 2F75D25620D0658400869C2C /* ViewController.swift */; };
		2F75D25A20D0658500869C2C /* Main.storyboard in Resources */ = {isa = PBXBuildFile; fileRef = 2F75D25820D0658500869C2C /* Main.storyboard */; };
		2F75D25C20D065A500869C2C /* Assets.xcassets in Resources */ = {isa = PBXBuildFile; fileRef = 2F75D25B20D065A500869C2C /* Assets.xcassets */; };
		2F75D25F20D065A500869C2C /* LaunchScreen.storyboard in Resources */ = {isa = PBXBuildFile; fileRef = 2F75D25D20D065A500869C2C /* LaunchScreen.storyboard */; };
		953D8B3CBEC875388927033B /* Pods_Bitcoin_Ticker.framework in Frameworks */ = {isa = PBXBuildFile; fileRef = AEB276BD4CBCDAF17D8285E7 /* Pods_Bitcoin_Ticker.framework */; };
/* End PBXBuildFile section */

/* Begin PBXFileReference section */
		2F75D25120D0658400869C2C /* Bitcoin Ticker.app */ = {isa = PBXFileReference; explicitFileType = wrapper.application; includeInIndex = 0; path = "Bitcoin Ticker.app"; sourceTree = BUILT_PRODUCTS_DIR; };
		2F75D25420D0658400869C2C /* AppDelegate.swift */ = {isa = PBXFileReference; lastKnownFileType = sourcecode.swift; path = AppDelegate.swift; sourceTree = "<group>"; };
		2F75D25620D0658400869C2C /* ViewController.swift */ = {isa = PBXFileReference; lastKnownFileType = sourcecode.swift; path = ViewController.swift; sourceTree = "<group>"; };
		2F75D25920D0658500869C2C /* Base */ = {isa = PBXFileReference; lastKnownFileType = file.storyboard; name = Base; path = Base.lproj/Main.storyboard; sourceTree = "<group>"; };
		2F75D25B20D065A500869C2C /* Assets.xcassets */ = {isa = PBXFileReference; lastKnownFileType = folder.assetcatalog; path = Assets.xcassets; sourceTree = "<group>"; };
		2F75D25E20D065A500869C2C /* Base */ = {isa = PBXFileReference; lastKnownFileType = file.storyboard; name = Base; path = Base.lproj/LaunchScreen.storyboard; sourceTree = "<group>"; };
		2F75D26020D065A600869C2C /* Info.plist */ = {isa = PBXFileReference; lastKnownFileType = text.plist.xml; path = Info.plist; sourceTree = "<group>"; };
		7A02CFC23EA4D4554E164D3A /* Pods-Bitcoin Ticker.debug.xcconfig */ = {isa = PBXFileReference; includeInIndex = 1; lastKnownFileType = text.xcconfig; name = "Pods-Bitcoin Ticker.debug.xcconfig"; path = "Pods/Target Support Files/Pods-Bitcoin Ticker/Pods-Bitcoin Ticker.debug.xcconfig"; sourceTree = "<group>"; };
		A15BD570F2EC2A9627544FA2 /* Pods-Bitcoin Ticker.release.xcconfig */ = {isa = PBXFileReference; includeInIndex = 1; lastKnownFileType = text.xcconfig; name = "Pods-Bitcoin Ticker.release.xcconfig"; path = "Pods/Target Support Files/Pods-Bitcoin Ticker/Pods-Bitcoin Ticker.release.xcconfig"; sourceTree = "<group>"; };
		AEB276BD4CBCDAF17D8285E7 /* Pods_Bitcoin_Ticker.framework */ = {isa = PBXFileReference; explicitFileType = wrapper.framework; includeInIndex = 0; path = Pods_Bitcoin_Ticker.framework; sourceTree = BUILT_PRODUCTS_DIR; };
/* End PBXFileReference section */

/* Begin PBXFrameworksBuildPhase section */
		2F75D24E20D0658400869C2C /* Frameworks */ = {
			isa = PBXFrameworksBuildPhase;
			buildActionMask = 2147483647;
			files = (
				953D8B3CBEC875388927033B /* Pods_Bitcoin_Ticker.framework in Frameworks */,
			);
			runOnlyForDeploymentPostprocessing = 0;
		};
/* End PBXFrameworksBuildPhase section */

/* Begin PBXGroup section */
		2E7796BFB683488D99888216 /* Frameworks */ = {
			isa = PBXGroup;
			children = (
				AEB276BD4CBCDAF17D8285E7 /* Pods_Bitcoin_Ticker.framework */,
			);
			name = Frameworks;
			sourceTree = "<group>";
		};
		2F75D24820D0658400869C2C = {
			isa = PBXGroup;
			children = (
				2F75D25320D0658400869C2C /* Bitcoin Ticker */,
				2F75D25220D0658400869C2C /* Products */,
				46BA2557CF67A8B1A83CE326 /* Pods */,
				2E7796BFB683488D99888216 /* Frameworks */,
			);
			sourceTree = "<group>";
		};
		2F75D25220D0658400869C2C /* Products */ = {
			isa = PBXGroup;
			children = (
				2F75D25120D0658400869C2C /* Bitcoin Ticker.app */,
			);
			name = Products;
			sourceTree = "<group>";
		};
		2F75D25320D0658400869C2C /* Bitcoin Ticker */ = {
			isa = PBXGroup;
			children = (
				2F75D25420D0658400869C2C /* AppDelegate.swift */,
				2F75D25620D0658400869C2C /* ViewController.swift */,
				2F75D25820D0658500869C2C /* Main.storyboard */,
				2F75D25B20D065A500869C2C /* Assets.xcassets */,
				2F75D25D20D065A500869C2C /* LaunchScreen.storyboard */,
				2F75D26020D065A600869C2C /* Info.plist */,
			);
			path = "Bitcoin Ticker";
			sourceTree = "<group>";
		};
		46BA2557CF67A8B1A83CE326 /* Pods */ = {
			isa = PBXGroup;
			children = (
				7A02CFC23EA4D4554E164D3A /* Pods-Bitcoin Ticker.debug.xcconfig */,
				A15BD570F2EC2A9627544FA2 /* Pods-Bitcoin Ticker.release.xcconfig */,
			);
			name = Pods;
			sourceTree = "<group>";
		};
/* End PBXGroup section */

/* Begin PBXNativeTarget section */
		2F75D25020D0658400869C2C /* Bitcoin Ticker */ = {
			isa = PBXNativeTarget;
			buildConfigurationList = 2F75D26320D065A600869C2C /* Build configuration list for PBXNativeTarget "Bitcoin Ticker" */;
			buildPhases = (
				1E218C78CBA9CA522EC7D1E5 /* [CP] Check Pods Manifest.lock */,
				2F75D24D20D0658400869C2C /* Sources */,
				2F75D24E20D0658400869C2C /* Frameworks */,
				2F75D24F20D0658400869C2C /* Resources */,
				C49F6788DA619F85CE45BB66 /* [CP] Embed Pods Frameworks */,
			);
			buildRules = (
			);
			dependencies = (
			);
			name = "Bitcoin Ticker";
			productName = "Bitcoin Ticker";
			productReference = 2F75D25120D0658400869C2C /* Bitcoin Ticker.app */;
			productType = "com.apple.product-type.application";
		};
/* End PBXNativeTarget section */

/* Begin PBXProject section */
		2F75D24920D0658400869C2C /* Project object */ = {
			isa = PBXProject;
			attributes = {
				LastSwiftUpdateCheck = 0940;
				LastUpgradeCheck = 0940;
				ORGANIZATIONNAME = mzellhuber;
				TargetAttributes = {
					2F75D25020D0658400869C2C = {
						CreatedOnToolsVersion = 9.4;
					};
				};
			};
			buildConfigurationList = 2F75D24C20D0658400869C2C /* Build configuration list for PBXProject "Bitcoin Ticker" */;
			compatibilityVersion = "Xcode 9.3";
			developmentRegion = en;
			hasScannedForEncodings = 0;
			knownRegions = (
				en,
				Base,
			);
			mainGroup = 2F75D24820D0658400869C2C;
			productRefGroup = 2F75D25220D0658400869C2C /* Products */;
			projectDirPath = "";
			projectRoot = "";
			targets = (
				2F75D25020D0658400869C2C /* Bitcoin Ticker */,
			);
		};
/* End PBXProject section */

/* Begin PBXResourcesBuildPhase section */
		2F75D24F20D0658400869C2C /* Resources */ = {
			isa = PBXResourcesBuildPhase;
			buildActionMask = 2147483647;
			files = (
				2F75D25F20D065A500869C2C /* LaunchScreen.storyboard in Resources */,
				2F75D25C20D065A500869C2C /* Assets.xcassets in Resources */,
				2F75D25A20D0658500869C2C /* Main.storyboard in Resources */,
			);
			runOnlyForDeploymentPostprocessing = 0;
		};
/* End PBXResourcesBuildPhase section */

/* Begin PBXShellScriptBuildPhase section */
		1E218C78CBA9CA522EC7D1E5 /* [CP] Check Pods Manifest.lock */ = {
			isa = PBXShellScriptBuildPhase;
			buildActionMask = 2147483647;
			files = (
			);
			inputPaths = (
				"${PODS_PODFILE_DIR_PATH}/Podfile.lock",
				"${PODS_ROOT}/Manifest.lock",
			);
			name = "[CP] Check Pods Manifest.lock";
			outputPaths = (
				"$(DERIVED_FILE_DIR)/Pods-Bitcoin Ticker-checkManifestLockResult.txt",
			);
			runOnlyForDeploymentPostprocessing = 0;
			shellPath = /bin/sh;
			shellScript = "diff \"${PODS_PODFILE_DIR_PATH}/Podfile.lock\" \"${PODS_ROOT}/Manifest.lock\" > /dev/null\nif [ $? != 0 ] ; then\n    # print error to STDERR\n    echo \"error: The sandbox is not in sync with the Podfile.lock. Run 'pod install' or update your CocoaPods installation.\" >&2\n    exit 1\nfi\n# This output is used by Xcode 'outputs' to avoid re-running this script phase.\necho \"SUCCESS\" > \"${SCRIPT_OUTPUT_FILE_0}\"\n";
			showEnvVarsInLog = 0;
		};
		C49F6788DA619F85CE45BB66 /* [CP] Embed Pods Frameworks */ = {
			isa = PBXShellScriptBuildPhase;
			buildActionMask = 2147483647;
			files = (
			);
			inputPaths = (
				"${SRCROOT}/Pods/Target Support Files/Pods-Bitcoin Ticker/Pods-Bitcoin Ticker-frameworks.sh",
				"${BUILT_PRODUCTS_DIR}/Alamofire/Alamofire.framework",
				"${BUILT_PRODUCTS_DIR}/SwiftyJSON/SwiftyJSON.framework",
			);
			name = "[CP] Embed Pods Frameworks";
			outputPaths = (
				"${TARGET_BUILD_DIR}/${FRAMEWORKS_FOLDER_PATH}/Alamofire.framework",
				"${TARGET_BUILD_DIR}/${FRAMEWORKS_FOLDER_PATH}/SwiftyJSON.framework",
			);
			runOnlyForDeploymentPostprocessing = 0;
			shellPath = /bin/sh;
			shellScript = "\"${SRCROOT}/Pods/Target Support Files/Pods-Bitcoin Ticker/Pods-Bitcoin Ticker-frameworks.sh\"\n";
			showEnvVarsInLog = 0;
		};
/* End PBXShellScriptBuildPhase section */

/* Begin PBXSourcesBuildPhase section */
		2F75D24D20D0658400869C2C /* Sources */ = {
			isa = PBXSourcesBuildPhase;
			buildActionMask = 2147483647;
			files = (
				2F75D25720D0658400869C2C /* ViewController.swift in Sources */,
				2F75D25520D0658400869C2C /* AppDelegate.swift in Sources */,
			);
			runOnlyForDeploymentPostprocessing = 0;
		};
/* End PBXSourcesBuildPhase section */

/* Begin PBXVariantGroup section */
		2F75D25820D0658500869C2C /* Main.storyboard */ = {
			isa = PBXVariantGroup;
			children = (
				2F75D25920D0658500869C2C /* Base */,
			);
			name = Main.storyboard;
			sourceTree = "<group>";
		};
		2F75D25D20D065A500869C2C /* LaunchScreen.storyboard */ = {
			isa = PBXVariantGroup;
			children = (
				2F75D25E20D065A500869C2C /* Base */,
			);
			name = LaunchScreen.storyboard;
			sourceTree = "<group>";
		};
/* End PBXVariantGroup section */

/* Begin XCBuildConfiguration section */
		2F75D26120D065A600869C2C /* Debug */ = {
			isa = XCBuildConfiguration;
			buildSettings = {
				ALWAYS_SEARCH_USER_PATHS = NO;
				CLANG_ANALYZER_NONNULL = YES;
				CLANG_ANALYZER_NUMBER_OBJECT_CONVERSION = YES_AGGRESSIVE;
				CLANG_CXX_LANGUAGE_STANDARD = "gnu++14";
				CLANG_CXX_LIBRARY = "libc++";
				CLANG_ENABLE_MODULES = YES;
				CLANG_ENABLE_OBJC_ARC = YES;
				CLANG_ENABLE_OBJC_WEAK = YES;
				CLANG_WARN_BLOCK_CAPTURE_AUTORELEASING = YES;
				CLANG_WARN_BOOL_CONVERSION = YES;
				CLANG_WARN_COMMA = YES;
				CLANG_WARN_CONSTANT_CONVERSION = YES;
				CLANG_WARN_DEPRECATED_OBJC_IMPLEMENTATIONS = YES;
				CLANG_WARN_DIRECT_OBJC_ISA_USAGE = YES_ERROR;
				CLANG_WARN_DOCUMENTATION_COMMENTS = YES;
				CLANG_WARN_EMPTY_BODY = YES;
				CLANG_WARN_ENUM_CONVERSION = YES;
				CLANG_WARN_INFINITE_RECURSION = YES;
				CLANG_WARN_INT_CONVERSION = YES;
				CLANG_WARN_NON_LITERAL_NULL_CONVERSION = YES;
				CLANG_WARN_OBJC_IMPLICIT_RETAIN_SELF = YES;
				CLANG_WARN_OBJC_LITERAL_CONVERSION = YES;
				CLANG_WARN_OBJC_ROOT_CLASS = YES_ERROR;
				CLANG_WARN_RANGE_LOOP_ANALYSIS = YES;
				CLANG_WARN_STRICT_PROTOTYPES = YES;
				CLANG_WARN_SUSPICIOUS_MOVE = YES;
				CLANG_WARN_UNGUARDED_AVAILABILITY = YES_AGGRESSIVE;
				CLANG_WARN_UNREACHABLE_CODE = YES;
				CLANG_WARN__DUPLICATE_METHOD_MATCH = YES;
				CODE_SIGN_IDENTITY = "iPhone Developer";
				COPY_PHASE_STRIP = NO;
				DEBUG_INFORMATION_FORMAT = dwarf;
				ENABLE_STRICT_OBJC_MSGSEND = YES;
				ENABLE_TESTABILITY = YES;
				GCC_C_LANGUAGE_STANDARD = gnu11;
				GCC_DYNAMIC_NO_PIC = NO;
				GCC_NO_COMMON_BLOCKS = YES;
				GCC_OPTIMIZATION_LEVEL = 0;
				GCC_PREPROCESSOR_DEFINITIONS = (
					"DEBUG=1",
					"$(inherited)",
				);
				GCC_WARN_64_TO_32_BIT_CONVERSION = YES;
				GCC_WARN_ABOUT_RETURN_TYPE = YES_ERROR;
				GCC_WARN_UNDECLARED_SELECTOR = YES;
				GCC_WARN_UNINITIALIZED_AUTOS = YES_AGGRESSIVE;
				GCC_WARN_UNUSED_FUNCTION = YES;
				GCC_WARN_UNUSED_VARIABLE = YES;
				IPHONEOS_DEPLOYMENT_TARGET = 11.4;
				MTL_ENABLE_DEBUG_INFO = YES;
				ONLY_ACTIVE_ARCH = YES;
				SDKROOT = iphoneos;
				SWIFT_ACTIVE_COMPILATION_CONDITIONS = DEBUG;
				SWIFT_OPTIMIZATION_LEVEL = "-Onone";
			};
			name = Debug;
		};
		2F75D26220D065A600869C2C /* Release */ = {
			isa = XCBuildConfiguration;
			buildSettings = {
				ALWAYS_SEARCH_USER_PATHS = NO;
				CLANG_ANALYZER_NONNULL = YES;
				CLANG_ANALYZER_NUMBER_OBJECT_CONVERSION = YES_AGGRESSIVE;
				CLANG_CXX_LANGUAGE_STANDARD = "gnu++14";
				CLANG_CXX_LIBRARY = "libc++";
				CLANG_ENABLE_MODULES = YES;
				CLANG_ENABLE_OBJC_ARC = YES;
				CLANG_ENABLE_OBJC_WEAK = YES;
				CLANG_WARN_BLOCK_CAPTURE_AUTORELEASING = YES;
				CLANG_WARN_BOOL_CONVERSION = YES;
				CLANG_WARN_COMMA = YES;
				CLANG_WARN_CONSTANT_CONVERSION = YES;
				CLANG_WARN_DEPRECATED_OBJC_IMPLEMENTATIONS = YES;
				CLANG_WARN_DIRECT_OBJC_ISA_USAGE = YES_ERROR;
				CLANG_WARN_DOCUMENTATION_COMMENTS = YES;
				CLANG_WARN_EMPTY_BODY = YES;
				CLANG_WARN_ENUM_CONVERSION = YES;
				CLANG_WARN_INFINITE_RECURSION = YES;
				CLANG_WARN_INT_CONVERSION = YES;
				CLANG_WARN_NON_LITERAL_NULL_CONVERSION = YES;
				CLANG_WARN_OBJC_IMPLICIT_RETAIN_SELF = YES;
				CLANG_WARN_OBJC_LITERAL_CONVERSION = YES;
				CLANG_WARN_OBJC_ROOT_CLASS = YES_ERROR;
				CLANG_WARN_RANGE_LOOP_ANALYSIS = YES;
				CLANG_WARN_STRICT_PROTOTYPES = YES;
				CLANG_WARN_SUSPICIOUS_MOVE = YES;
				CLANG_WARN_UNGUARDED_AVAILABILITY = YES_AGGRESSIVE;
				CLANG_WARN_UNREACHABLE_CODE = YES;
				CLANG_WARN__DUPLICATE_METHOD_MATCH = YES;
				CODE_SIGN_IDENTITY = "iPhone Developer";
				COPY_PHASE_STRIP = NO;
				DEBUG_INFORMATION_FORMAT = "dwarf-with-dsym";
				ENABLE_NS_ASSERTIONS = NO;
				ENABLE_STRICT_OBJC_MSGSEND = YES;
				GCC_C_LANGUAGE_STANDARD = gnu11;
				GCC_NO_COMMON_BLOCKS = YES;
				GCC_WARN_64_TO_32_BIT_CONVERSION = YES;
				GCC_WARN_ABOUT_RETURN_TYPE = YES_ERROR;
				GCC_WARN_UNDECLARED_SELECTOR = YES;
				GCC_WARN_UNINITIALIZED_AUTOS = YES_AGGRESSIVE;
				GCC_WARN_UNUSED_FUNCTION = YES;
				GCC_WARN_UNUSED_VARIABLE = YES;
				IPHONEOS_DEPLOYMENT_TARGET = 11.4;
				MTL_ENABLE_DEBUG_INFO = NO;
				SDKROOT = iphoneos;
				SWIFT_COMPILATION_MODE = wholemodule;
				SWIFT_OPTIMIZATION_LEVEL = "-O";
				VALIDATE_PRODUCT = YES;
			};
			name = Release;
		};
		2F75D26420D065A600869C2C /* Debug */ = {
			isa = XCBuildConfiguration;
			baseConfigurationReference = 7A02CFC23EA4D4554E164D3A /* Pods-Bitcoin Ticker.debug.xcconfig */;
			buildSettings = {
				ASSETCATALOG_COMPILER_APPICON_NAME = AppIcon;
				CODE_SIGN_STYLE = Automatic;
				DEVELOPMENT_TEAM = H5K8CL3D92;
				INFOPLIST_FILE = "Bitcoin Ticker/Info.plist";
				IPHONEOS_DEPLOYMENT_TARGET = 11.0;
				LD_RUNPATH_SEARCH_PATHS = (
					"$(inherited)",
					"@executable_path/Frameworks",
				);
				PRODUCT_BUNDLE_IDENTIFIER = "com.mzellhuber.Bitcoin-Ticker";
				PRODUCT_NAME = "$(TARGET_NAME)";
				SWIFT_VERSION = 4.0;
				TARGETED_DEVICE_FAMILY = "1,2";
			};
			name = Debug;
		};
		2F75D26520D065A600869C2C /* Release */ = {
			isa = XCBuildConfiguration;
			baseConfigurationReference = A15BD570F2EC2A9627544FA2 /* Pods-Bitcoin Ticker.release.xcconfig */;
			buildSettings = {
				ASSETCATALOG_COMPILER_APPICON_NAME = AppIcon;
				CODE_SIGN_STYLE = Automatic;
				DEVELOPMENT_TEAM = H5K8CL3D92;
				INFOPLIST_FILE = "Bitcoin Ticker/Info.plist";
				IPHONEOS_DEPLOYMENT_TARGET = 11.0;
				LD_RUNPATH_SEARCH_PATHS = (
					"$(inherited)",
					"@executable_path/Frameworks",
				);
				PRODUCT_BUNDLE_IDENTIFIER = "com.mzellhuber.Bitcoin-Ticker";
				PRODUCT_NAME = "$(TARGET_NAME)";
				SWIFT_VERSION = 4.0;
				TARGETED_DEVICE_FAMILY = "1,2";
			};
			name = Release;
		};
/* End XCBuildConfiguration section */

/* Begin XCConfigurationList section */
		2F75D24C20D0658400869C2C /* Build configuration list for PBXProject "Bitcoin Ticker" */ = {
			isa = XCConfigurationList;
			buildConfigurations = (
				2F75D26120D065A600869C2C /* Debug */,
				2F75D26220D065A600869C2C /* Release */,
			);
			defaultConfigurationIsVisible = 0;
			defaultConfigurationName = Release;
		};
		2F75D26320D065A600869C2C /* Build configuration list for PBXNativeTarget "Bitcoin Ticker" */ = {
			isa = XCConfigurationList;
			buildConfigurations = (
				2F75D26420D065A600869C2C /* Debug */,
				2F75D26520D065A600869C2C /* Release */,
			);
			defaultConfigurationIsVisible = 0;
			defaultConfigurationName = Release;
		};
/* End XCConfigurationList section */
	};
	rootObject = 2F75D24920D0658400869C2C /* Project object */;
}
